
Microsoft Visual Studio Solution File, Format Version 12.00
# Visual Studio 15
VisualStudioVersion = 15.0.28010.2036
MinimumVisualStudioVersion = 10.0.40219.1
Project("{8BC9CEB8-8B4A-11D0-8D11-00A0C91BC942}") = "dript-renderer", "dript-renderer\dript-renderer.vcxproj", "{7DC72DAE-1AE5-4BD2-938B-A8AC306E055B}"
EndProject
Global
	GlobalSection(SolutionConfigurationPlatforms) = preSolution
		Debug|x64 = Debug|x64
		Debug|x86 = Debug|x86
		Release|x64 = Release|x64
		Release|x86 = Release|x86
	EndGlobalSection
	GlobalSection(ProjectConfigurationPlatforms) = postSolution
		{7DC72DAE-1AE5-4BD2-938B-A8AC306E055B}.Debug|x64.ActiveCfg = Debug|x64
		{7DC72DAE-1AE5-4BD2-938B-A8AC306E055B}.Debug|x64.Build.0 = Debug|x64
		{7DC72DAE-1AE5-4BD2-938B-A8AC306E055B}.Debug|x86.ActiveCfg = Debug|Win32
		{7DC72DAE-1AE5-4BD2-938B-A8AC306E055B}.Debug|x86.Build.0 = Debug|Win32
		{7DC72DAE-1AE5-4BD2-938B-A8AC306E055B}.Release|x64.ActiveCfg = Release|x64
		{7DC72DAE-1AE5-4BD2-938B-A8AC306E055B}.Release|x64.Build.0 = Release|x64
		{7DC72DAE-1AE5-4BD2-938B-A8AC306E055B}.Release|x86.ActiveCfg = Release|Win32
		{7DC72DAE-1AE5-4BD2-938B-A8AC306E055B}.Release|x86.Build.0 = Release|Win32
	EndGlobalSection
	GlobalSection(SolutionProperties) = preSolution
		HideSolutionNode = FALSE
	EndGlobalSection
	GlobalSection(ExtensibilityGlobals) = postSolution
		SolutionGuid = {E4EEE273-12C5-492B-8D3E-CC8267806D1F}
	EndGlobalSection
EndGlobal
